// !$*UTF8*$!
{
	archiveVersion = 1;
	classes = {
	};
	objectVersion = 46;
	objects = {

/* Begin PBXBuildFile section */
		189701A4143DA3E100F3954D /* SoundEffect.m in Sources */ = {isa = PBXBuildFile; fileRef = 189701A3143DA3E100F3954D /* SoundEffect.m */; };
		189701A6143DA4DA00F3954D /* AudioToolbox.framework in Frameworks */ = {isa = PBXBuildFile; fileRef = 189701A5143DA4DA00F3954D /* AudioToolbox.framework */; };
		189A107E143ECD0E0076115C /* DDExpandableButton.m in Sources */ = {isa = PBXBuildFile; fileRef = 189A107D143ECD0E0076115C /* DDExpandableButton.m */; };
		189A1081143ECD250076115C /* Flash.png in Resources */ = {isa = PBXBuildFile; fileRef = 189A107F143ECD250076115C /* Flash.png */; };
		189A1082143ECD250076115C /* Flash@2x.png in Resources */ = {isa = PBXBuildFile; fileRef = 189A1080143ECD250076115C /* Flash@2x.png */; };
		189A1085143ECF7B0076115C /* UIViewController+CameraSetup.m in Sources */ = {isa = PBXBuildFile; fileRef = 189A1084143ECF7B0076115C /* UIViewController+CameraSetup.m */; };
		189A1088143ED9660076115C /* UIImage+RotationMethods.m in Sources */ = {isa = PBXBuildFile; fileRef = 189A1087143ED9660076115C /* UIImage+RotationMethods.m */; };
		189A10B6143EF1710076115C /* KTPhotoBrowserGlobal.m in Sources */ = {isa = PBXBuildFile; fileRef = 189A10AB143EF1700076115C /* KTPhotoBrowserGlobal.m */; };
		189A10B7143EF1710076115C /* KTPhotoScrollViewController.m in Sources */ = {isa = PBXBuildFile; fileRef = 189A10AD143EF1700076115C /* KTPhotoScrollViewController.m */; };
		189A10B8143EF1710076115C /* KTPhotoView.m in Sources */ = {isa = PBXBuildFile; fileRef = 189A10AF143EF1700076115C /* KTPhotoView.m */; };
		189A10B9143EF1710076115C /* KTThumbsViewController.m in Sources */ = {isa = PBXBuildFile; fileRef = 189A10B1143EF1700076115C /* KTThumbsViewController.m */; };
		189A10BA143EF1710076115C /* KTThumbsView.m in Sources */ = {isa = PBXBuildFile; fileRef = 189A10B3143EF1710076115C /* KTThumbsView.m */; };
		189A10BB143EF1710076115C /* KTThumbView.m in Sources */ = {isa = PBXBuildFile; fileRef = 189A10B5143EF1710076115C /* KTThumbView.m */; };
		189A10BE143EF1910076115C /* KTPhotoBrowser.bundle in Resources */ = {isa = PBXBuildFile; fileRef = 189A10BD143EF1910076115C /* KTPhotoBrowser.bundle */; };
		189A10CA143EF6C20076115C /* LocalImageRootViewController.m in Sources */ = {isa = PBXBuildFile; fileRef = 189A10C3143EF6C20076115C /* LocalImageRootViewController.m */; };
		189A10CB143EF6C20076115C /* PhotoPickerController.m in Sources */ = {isa = PBXBuildFile; fileRef = 189A10C5143EF6C20076115C /* PhotoPickerController.m */; };
		189A10CC143EF6C20076115C /* Photos.m in Sources */ = {isa = PBXBuildFile; fileRef = 189A10C7143EF6C20076115C /* Photos.m */; };
		189A10CD143EF6C20076115C /* UIImage+KTCategory.m in Sources */ = {isa = PBXBuildFile; fileRef = 189A10C9143EF6C20076115C /* UIImage+KTCategory.m */; };
		189A10D0143EF74C0076115C /* MessageUI.framework in Frameworks */ = {isa = PBXBuildFile; fileRef = 189A10CF143EF74C0076115C /* MessageUI.framework */; };
		189A10DA143F04D10076115C /* Icon.png in Resources */ = {isa = PBXBuildFile; fileRef = 189A10D8143F04D10076115C /* Icon.png */; };
		189A10DB143F04D10076115C /* Icon@2x.png in Resources */ = {isa = PBXBuildFile; fileRef = 189A10D9143F04D10076115C /* Icon@2x.png */; };
		1B3C9A27139D4E0F0042676B /* CoreVideo.framework in Frameworks */ = {isa = PBXBuildFile; fileRef = 1B3C9A26139D4E0F0042676B /* CoreVideo.framework */; };
		1B3C9A2A139D4E150042676B /* AVFoundation.framework in Frameworks */ = {isa = PBXBuildFile; fileRef = 1B3C9A29139D4E150042676B /* AVFoundation.framework */; };
		1B3C9A2C139D4E1C0042676B /* CoreImage.framework in Frameworks */ = {isa = PBXBuildFile; fileRef = 1B3C9A2B139D4E1C0042676B /* CoreImage.framework */; };
		1B3C9A2E139D4E350042676B /* AssetsLibrary.framework in Frameworks */ = {isa = PBXBuildFile; fileRef = 1B3C9A2D139D4E350042676B /* AssetsLibrary.framework */; };
		1B3C9A30139D4E5F0042676B /* CoreMedia.framework in Frameworks */ = {isa = PBXBuildFile; fileRef = 1B3C9A2F139D4E5F0042676B /* CoreMedia.framework */; };
		1B3C9A32139D4E740042676B /* QuartzCore.framework in Frameworks */ = {isa = PBXBuildFile; fileRef = 1B3C9A31139D4E740042676B /* QuartzCore.framework */; };
		1B3C9A34139D4EAA0042676B /* ImageIO.framework in Frameworks */ = {isa = PBXBuildFile; fileRef = 1B3C9A33139D4EAA0042676B /* ImageIO.framework */; };
		1B867FDD139D4AD300AD6B47 /* UIKit.framework in Frameworks */ = {isa = PBXBuildFile; fileRef = 1B867FDC139D4AD300AD6B47 /* UIKit.framework */; };
		1B867FDF139D4AD300AD6B47 /* Foundation.framework in Frameworks */ = {isa = PBXBuildFile; fileRef = 1B867FDE139D4AD300AD6B47 /* Foundation.framework */; };
		1B867FE1139D4AD300AD6B47 /* CoreGraphics.framework in Frameworks */ = {isa = PBXBuildFile; fileRef = 1B867FE0139D4AD300AD6B47 /* CoreGraphics.framework */; };
		1B867FF0139D4AD300AD6B47 /* MainStoryboard_iPhone.storyboard in Resources */ = {isa = PBXBuildFile; fileRef = 1B867FEE139D4AD300AD6B47 /* MainStoryboard_iPhone.storyboard */; };
		1B867FF3139D4AD300AD6B47 /* MainStoryboard_iPad.storyboard in Resources */ = {isa = PBXBuildFile; fileRef = 1B867FF1139D4AD300AD6B47 /* MainStoryboard_iPad.storyboard */; };
		2BA4850713F1E6AA000BABB3 /* SquareCamAppDelegate.m in Sources */ = {isa = PBXBuildFile; fileRef = 2BA4850413F1E6AA000BABB3 /* SquareCamAppDelegate.m */; };
		2BA4850813F1E6AA000BABB3 /* SqareCamViewController.m in Sources */ = {isa = PBXBuildFile; fileRef = 2BA4850613F1E6AA000BABB3 /* SqareCamViewController.m */; };
		2BA4851013F1E6CC000BABB3 /* MainStoryboard_iPad.storyboard in Resources */ = {isa = PBXBuildFile; fileRef = 2BA4850C13F1E6CC000BABB3 /* MainStoryboard_iPad.storyboard */; };
		2BA4851113F1E6CC000BABB3 /* MainStoryboard_iPhone.storyboard in Resources */ = {isa = PBXBuildFile; fileRef = 2BA4850E13F1E6CC000BABB3 /* MainStoryboard_iPhone.storyboard */; };
		2BA4851713F1E6DB000BABB3 /* main.m in Sources */ = {isa = PBXBuildFile; fileRef = 2BA4851313F1E6DB000BABB3 /* main.m */; };
		2BA4851813F1E6DB000BABB3 /* squarePNG.png in Resources */ = {isa = PBXBuildFile; fileRef = 2BA4851513F1E6DB000BABB3 /* squarePNG.png */; };
		2BA4851A13F1EC39000BABB3 /* ReadMe.txt in Resources */ = {isa = PBXBuildFile; fileRef = 2BA4851913F1EC39000BABB3 /* ReadMe.txt */; };
		A86A605A1443086D0014AF30 /* start@2x.png in Resources */ = {isa = PBXBuildFile; fileRef = A86A60561443086D0014AF30 /* start@2x.png */; };
		A86A605B1443086D0014AF30 /* pause.png in Resources */ = {isa = PBXBuildFile; fileRef = A86A60571443086D0014AF30 /* pause.png */; };
		A86A605C1443086D0014AF30 /* pause@2x.png in Resources */ = {isa = PBXBuildFile; fileRef = A86A60581443086D0014AF30 /* pause@2x.png */; };
		A86A605D1443086D0014AF30 /* start.png in Resources */ = {isa = PBXBuildFile; fileRef = A86A60591443086D0014AF30 /* start.png */; };
		A8DE74FC1442C7D500FBEE12 /* camera.png in Resources */ = {isa = PBXBuildFile; fileRef = A8DE74FB1442C7D500FBEE12 /* camera.png */; };
/* End PBXBuildFile section */

/* Begin PBXFileReference section */
		189701A2143DA3E100F3954D /* SoundEffect.h */ = {isa = PBXFileReference; fileEncoding = 4; lastKnownFileType = sourcecode.c.h; name = SoundEffect.h; path = SquareCam/SoundEffect.h; sourceTree = "<group>"; };
		189701A3143DA3E100F3954D /* SoundEffect.m */ = {isa = PBXFileReference; fileEncoding = 4; lastKnownFileType = sourcecode.c.objc; name = SoundEffect.m; path = SquareCam/SoundEffect.m; sourceTree = "<group>"; };
		189701A5143DA4DA00F3954D /* AudioToolbox.framework */ = {isa = PBXFileReference; lastKnownFileType = wrapper.framework; name = AudioToolbox.framework; path = System/Library/Frameworks/AudioToolbox.framework; sourceTree = SDKROOT; };
		189A107C143ECD0E0076115C /* DDExpandableButton.h */ = {isa = PBXFileReference; fileEncoding = 4; lastKnownFileType = sourcecode.c.h; path = DDExpandableButton.h; sourceTree = "<group>"; };
		189A107D143ECD0E0076115C /* DDExpandableButton.m */ = {isa = PBXFileReference; fileEncoding = 4; lastKnownFileType = sourcecode.c.objc; path = DDExpandableButton.m; sourceTree = "<group>"; };
		189A107F143ECD250076115C /* Flash.png */ = {isa = PBXFileReference; lastKnownFileType = image.png; path = Flash.png; sourceTree = SOURCE_ROOT; };
		189A1080143ECD250076115C /* Flash@2x.png */ = {isa = PBXFileReference; lastKnownFileType = image.png; path = "Flash@2x.png"; sourceTree = SOURCE_ROOT; };
		189A1083143ECF7B0076115C /* UIViewController+CameraSetup.h */ = {isa = PBXFileReference; fileEncoding = 4; lastKnownFileType = sourcecode.c.h; path = "UIViewController+CameraSetup.h"; sourceTree = "<group>"; };
		189A1084143ECF7B0076115C /* UIViewController+CameraSetup.m */ = {isa = PBXFileReference; fileEncoding = 4; lastKnownFileType = sourcecode.c.objc; path = "UIViewController+CameraSetup.m"; sourceTree = "<group>"; };
		189A1086143ED9660076115C /* UIImage+RotationMethods.h */ = {isa = PBXFileReference; fileEncoding = 4; lastKnownFileType = sourcecode.c.h; path = "UIImage+RotationMethods.h"; sourceTree = "<group>"; };
		189A1087143ED9660076115C /* UIImage+RotationMethods.m */ = {isa = PBXFileReference; fileEncoding = 4; lastKnownFileType = sourcecode.c.objc; path = "UIImage+RotationMethods.m"; sourceTree = "<group>"; };
		189A10A9143EF1700076115C /* KTPhotoBrowserDataSource.h */ = {isa = PBXFileReference; fileEncoding = 4; lastKnownFileType = sourcecode.c.h; path = KTPhotoBrowserDataSource.h; sourceTree = "<group>"; };
		189A10AA143EF1700076115C /* KTPhotoBrowserGlobal.h */ = {isa = PBXFileReference; fileEncoding = 4; lastKnownFileType = sourcecode.c.h; path = KTPhotoBrowserGlobal.h; sourceTree = "<group>"; };
		189A10AB143EF1700076115C /* KTPhotoBrowserGlobal.m */ = {isa = PBXFileReference; fileEncoding = 4; lastKnownFileType = sourcecode.c.objc; path = KTPhotoBrowserGlobal.m; sourceTree = "<group>"; };
		189A10AC143EF1700076115C /* KTPhotoScrollViewController.h */ = {isa = PBXFileReference; fileEncoding = 4; lastKnownFileType = sourcecode.c.h; path = KTPhotoScrollViewController.h; sourceTree = "<group>"; };
		189A10AD143EF1700076115C /* KTPhotoScrollViewController.m */ = {isa = PBXFileReference; fileEncoding = 4; lastKnownFileType = sourcecode.c.objc; path = KTPhotoScrollViewController.m; sourceTree = "<group>"; };
		189A10AE143EF1700076115C /* KTPhotoView.h */ = {isa = PBXFileReference; fileEncoding = 4; lastKnownFileType = sourcecode.c.h; path = KTPhotoView.h; sourceTree = "<group>"; };
		189A10AF143EF1700076115C /* KTPhotoView.m */ = {isa = PBXFileReference; fileEncoding = 4; lastKnownFileType = sourcecode.c.objc; path = KTPhotoView.m; sourceTree = "<group>"; };
		189A10B0143EF1700076115C /* KTThumbsViewController.h */ = {isa = PBXFileReference; fileEncoding = 4; lastKnownFileType = sourcecode.c.h; path = KTThumbsViewController.h; sourceTree = "<group>"; };
		189A10B1143EF1700076115C /* KTThumbsViewController.m */ = {isa = PBXFileReference; fileEncoding = 4; lastKnownFileType = sourcecode.c.objc; path = KTThumbsViewController.m; sourceTree = "<group>"; };
		189A10B2143EF1710076115C /* KTThumbsView.h */ = {isa = PBXFileReference; fileEncoding = 4; lastKnownFileType = sourcecode.c.h; path = KTThumbsView.h; sourceTree = "<group>"; };
		189A10B3143EF1710076115C /* KTThumbsView.m */ = {isa = PBXFileReference; fileEncoding = 4; lastKnownFileType = sourcecode.c.objc; path = KTThumbsView.m; sourceTree = "<group>"; };
		189A10B4143EF1710076115C /* KTThumbView.h */ = {isa = PBXFileReference; fileEncoding = 4; lastKnownFileType = sourcecode.c.h; path = KTThumbView.h; sourceTree = "<group>"; };
		189A10B5143EF1710076115C /* KTThumbView.m */ = {isa = PBXFileReference; fileEncoding = 4; lastKnownFileType = sourcecode.c.objc; path = KTThumbView.m; sourceTree = "<group>"; };
		189A10BD143EF1910076115C /* KTPhotoBrowser.bundle */ = {isa = PBXFileReference; lastKnownFileType = "wrapper.plug-in"; path = KTPhotoBrowser.bundle; sourceTree = "<group>"; };
		189A10BF143EF3290076115C /* ImageUtility.h */ = {isa = PBXFileReference; fileEncoding = 4; lastKnownFileType = sourcecode.c.h; path = ImageUtility.h; sourceTree = "<group>"; };
		189A10C2143EF6C20076115C /* LocalImageRootViewController.h */ = {isa = PBXFileReference; fileEncoding = 4; lastKnownFileType = sourcecode.c.h; path = LocalImageRootViewController.h; sourceTree = "<group>"; };
		189A10C3143EF6C20076115C /* LocalImageRootViewController.m */ = {isa = PBXFileReference; fileEncoding = 4; lastKnownFileType = sourcecode.c.objc; path = LocalImageRootViewController.m; sourceTree = "<group>"; };
		189A10C4143EF6C20076115C /* PhotoPickerController.h */ = {isa = PBXFileReference; fileEncoding = 4; lastKnownFileType = sourcecode.c.h; path = PhotoPickerController.h; sourceTree = "<group>"; };
		189A10C5143EF6C20076115C /* PhotoPickerController.m */ = {isa = PBXFileReference; fileEncoding = 4; lastKnownFileType = sourcecode.c.objc; path = PhotoPickerController.m; sourceTree = "<group>"; };
		189A10C6143EF6C20076115C /* Photos.h */ = {isa = PBXFileReference; fileEncoding = 4; lastKnownFileType = sourcecode.c.h; path = Photos.h; sourceTree = "<group>"; };
		189A10C7143EF6C20076115C /* Photos.m */ = {isa = PBXFileReference; fileEncoding = 4; lastKnownFileType = sourcecode.c.objc; path = Photos.m; sourceTree = "<group>"; };
		189A10C8143EF6C20076115C /* UIImage+KTCategory.h */ = {isa = PBXFileReference; fileEncoding = 4; lastKnownFileType = sourcecode.c.h; path = "UIImage+KTCategory.h"; sourceTree = "<group>"; };
		189A10C9143EF6C20076115C /* UIImage+KTCategory.m */ = {isa = PBXFileReference; fileEncoding = 4; lastKnownFileType = sourcecode.c.objc; path = "UIImage+KTCategory.m"; sourceTree = "<group>"; };
		189A10CF143EF74C0076115C /* MessageUI.framework */ = {isa = PBXFileReference; lastKnownFileType = wrapper.framework; name = MessageUI.framework; path = System/Library/Frameworks/MessageUI.framework; sourceTree = SDKROOT; };
		189A10D8143F04D10076115C /* Icon.png */ = {isa = PBXFileReference; lastKnownFileType = image.png; path = Icon.png; sourceTree = SOURCE_ROOT; };
		189A10D9143F04D10076115C /* Icon@2x.png */ = {isa = PBXFileReference; lastKnownFileType = image.png; path = "Icon@2x.png"; sourceTree = SOURCE_ROOT; };
		1B3C9A26139D4E0F0042676B /* CoreVideo.framework */ = {isa = PBXFileReference; lastKnownFileType = wrapper.framework; name = CoreVideo.framework; path = System/Library/Frameworks/CoreVideo.framework; sourceTree = SDKROOT; };
		1B3C9A29139D4E150042676B /* AVFoundation.framework */ = {isa = PBXFileReference; lastKnownFileType = wrapper.framework; name = AVFoundation.framework; path = System/Library/Frameworks/AVFoundation.framework; sourceTree = SDKROOT; };
		1B3C9A2B139D4E1C0042676B /* CoreImage.framework */ = {isa = PBXFileReference; lastKnownFileType = wrapper.framework; name = CoreImage.framework; path = System/Library/Frameworks/CoreImage.framework; sourceTree = SDKROOT; };
		1B3C9A2D139D4E350042676B /* AssetsLibrary.framework */ = {isa = PBXFileReference; lastKnownFileType = wrapper.framework; name = AssetsLibrary.framework; path = System/Library/Frameworks/AssetsLibrary.framework; sourceTree = SDKROOT; };
		1B3C9A2F139D4E5F0042676B /* CoreMedia.framework */ = {isa = PBXFileReference; lastKnownFileType = wrapper.framework; name = CoreMedia.framework; path = System/Library/Frameworks/CoreMedia.framework; sourceTree = SDKROOT; };
		1B3C9A31139D4E740042676B /* QuartzCore.framework */ = {isa = PBXFileReference; lastKnownFileType = wrapper.framework; name = QuartzCore.framework; path = System/Library/Frameworks/QuartzCore.framework; sourceTree = SDKROOT; };
		1B3C9A33139D4EAA0042676B /* ImageIO.framework */ = {isa = PBXFileReference; lastKnownFileType = wrapper.framework; name = ImageIO.framework; path = System/Library/Frameworks/ImageIO.framework; sourceTree = SDKROOT; };
		1B867FD8139D4AD300AD6B47 /* AutoCam Lite.app */ = {isa = PBXFileReference; explicitFileType = wrapper.application; includeInIndex = 0; path = "AutoCam Lite.app"; sourceTree = BUILT_PRODUCTS_DIR; };
		1B867FDC139D4AD300AD6B47 /* UIKit.framework */ = {isa = PBXFileReference; lastKnownFileType = wrapper.framework; name = UIKit.framework; path = System/Library/Frameworks/UIKit.framework; sourceTree = SDKROOT; };
		1B867FDE139D4AD300AD6B47 /* Foundation.framework */ = {isa = PBXFileReference; lastKnownFileType = wrapper.framework; name = Foundation.framework; path = System/Library/Frameworks/Foundation.framework; sourceTree = SDKROOT; };
		1B867FE0139D4AD300AD6B47 /* CoreGraphics.framework */ = {isa = PBXFileReference; lastKnownFileType = wrapper.framework; name = CoreGraphics.framework; path = System/Library/Frameworks/CoreGraphics.framework; sourceTree = SDKROOT; };
		2BA4850313F1E6AA000BABB3 /* SquareCamAppDelegate.h */ = {isa = PBXFileReference; fileEncoding = 4; lastKnownFileType = sourcecode.c.h; name = SquareCamAppDelegate.h; path = SquareCam/SquareCamAppDelegate.h; sourceTree = SOURCE_ROOT; };
		2BA4850413F1E6AA000BABB3 /* SquareCamAppDelegate.m */ = {isa = PBXFileReference; fileEncoding = 4; lastKnownFileType = sourcecode.c.objc; name = SquareCamAppDelegate.m; path = SquareCam/SquareCamAppDelegate.m; sourceTree = SOURCE_ROOT; };
		2BA4850513F1E6AA000BABB3 /* SquareCamViewController.h */ = {isa = PBXFileReference; fileEncoding = 4; lastKnownFileType = sourcecode.c.h; name = SquareCamViewController.h; path = SquareCam/SquareCamViewController.h; sourceTree = SOURCE_ROOT; };
		2BA4850613F1E6AA000BABB3 /* SqareCamViewController.m */ = {isa = PBXFileReference; fileEncoding = 4; lastKnownFileType = sourcecode.c.objc; name = SqareCamViewController.m; path = SquareCam/SqareCamViewController.m; sourceTree = SOURCE_ROOT; };
		2BA4850D13F1E6CC000BABB3 /* en */ = {isa = PBXFileReference; lastKnownFileType = file.storyboard; name = en; path = SquareCam/en.lproj/MainStoryboard_iPad.storyboard; sourceTree = SOURCE_ROOT; };
		2BA4850F13F1E6CC000BABB3 /* en */ = {isa = PBXFileReference; lastKnownFileType = file.storyboard; name = en; path = SquareCam/en.lproj/MainStoryboard_iPhone.storyboard; sourceTree = SOURCE_ROOT; };
		2BA4851213F1E6DB000BABB3 /* Info.plist */ = {isa = PBXFileReference; fileEncoding = 4; lastKnownFileType = text.plist.xml; name = Info.plist; path = SquareCam/Info.plist; sourceTree = SOURCE_ROOT; };
		2BA4851313F1E6DB000BABB3 /* main.m */ = {isa = PBXFileReference; fileEncoding = 4; lastKnownFileType = sourcecode.c.objc; name = main.m; path = SquareCam/main.m; sourceTree = SOURCE_ROOT; };
		2BA4851413F1E6DB000BABB3 /* Prefix.pch */ = {isa = PBXFileReference; fileEncoding = 4; lastKnownFileType = sourcecode.c.h; name = Prefix.pch; path = SquareCam/Prefix.pch; sourceTree = SOURCE_ROOT; };
		2BA4851513F1E6DB000BABB3 /* squarePNG.png */ = {isa = PBXFileReference; lastKnownFileType = image.png; name = squarePNG.png; path = SquareCam/squarePNG.png; sourceTree = SOURCE_ROOT; };
		2BA4851913F1EC39000BABB3 /* ReadMe.txt */ = {isa = PBXFileReference; fileEncoding = 4; lastKnownFileType = text; path = ReadMe.txt; sourceTree = "<group>"; };
		A86A60561443086D0014AF30 /* start@2x.png */ = {isa = PBXFileReference; lastKnownFileType = image.png; path = "start@2x.png"; sourceTree = SOURCE_ROOT; };
		A86A60571443086D0014AF30 /* pause.png */ = {isa = PBXFileReference; lastKnownFileType = image.png; path = pause.png; sourceTree = SOURCE_ROOT; };
		A86A60581443086D0014AF30 /* pause@2x.png */ = {isa = PBXFileReference; lastKnownFileType = image.png; path = "pause@2x.png"; sourceTree = SOURCE_ROOT; };
		A86A60591443086D0014AF30 /* start.png */ = {isa = PBXFileReference; lastKnownFileType = image.png; path = start.png; sourceTree = SOURCE_ROOT; };
		A8DE74FB1442C7D500FBEE12 /* camera.png */ = {isa = PBXFileReference; lastKnownFileType = image.png; path = camera.png; sourceTree = SOURCE_ROOT; };
/* End PBXFileReference section */

/* Begin PBXFrameworksBuildPhase section */
		1B867FD5139D4AD300AD6B47 /* Frameworks */ = {
			isa = PBXFrameworksBuildPhase;
			buildActionMask = 2147483647;
			files = (
				189A10D0143EF74C0076115C /* MessageUI.framework in Frameworks */,
				189701A6143DA4DA00F3954D /* AudioToolbox.framework in Frameworks */,
				1B3C9A34139D4EAA0042676B /* ImageIO.framework in Frameworks */,
				1B3C9A32139D4E740042676B /* QuartzCore.framework in Frameworks */,
				1B3C9A30139D4E5F0042676B /* CoreMedia.framework in Frameworks */,
				1B867FE1139D4AD300AD6B47 /* CoreGraphics.framework in Frameworks */,
				1B3C9A2E139D4E350042676B /* AssetsLibrary.framework in Frameworks */,
				1B3C9A2C139D4E1C0042676B /* CoreImage.framework in Frameworks */,
				1B3C9A2A139D4E150042676B /* AVFoundation.framework in Frameworks */,
				1B3C9A27139D4E0F0042676B /* CoreVideo.framework in Frameworks */,
				1B867FDD139D4AD300AD6B47 /* UIKit.framework in Frameworks */,
				1B867FDF139D4AD300AD6B47 /* Foundation.framework in Frameworks */,
			);
			runOnlyForDeploymentPostprocessing = 0;
		};
/* End PBXFrameworksBuildPhase section */

/* Begin PBXGroup section */
		189A10BC143EF17A0076115C /* KTPhoto */ = {
			isa = PBXGroup;
			children = (
				189A10BD143EF1910076115C /* KTPhotoBrowser.bundle */,
				189A10A9143EF1700076115C /* KTPhotoBrowserDataSource.h */,
				189A10AA143EF1700076115C /* KTPhotoBrowserGlobal.h */,
				189A10AB143EF1700076115C /* KTPhotoBrowserGlobal.m */,
				189A10AC143EF1700076115C /* KTPhotoScrollViewController.h */,
				189A10AD143EF1700076115C /* KTPhotoScrollViewController.m */,
				189A10AE143EF1700076115C /* KTPhotoView.h */,
				189A10AF143EF1700076115C /* KTPhotoView.m */,
				189A10B0143EF1700076115C /* KTThumbsViewController.h */,
				189A10B1143EF1700076115C /* KTThumbsViewController.m */,
				189A10B2143EF1710076115C /* KTThumbsView.h */,
				189A10B3143EF1710076115C /* KTThumbsView.m */,
				189A10B4143EF1710076115C /* KTThumbView.h */,
				189A10B5143EF1710076115C /* KTThumbView.m */,
			);
			name = KTPhoto;
			sourceTree = "<group>";
		};
		189A10CE143EF6C80076115C /* LocalKTPhoto */ = {
			isa = PBXGroup;
			children = (
				189A10C2143EF6C20076115C /* LocalImageRootViewController.h */,
				189A10C3143EF6C20076115C /* LocalImageRootViewController.m */,
				189A10C4143EF6C20076115C /* PhotoPickerController.h */,
				189A10C5143EF6C20076115C /* PhotoPickerController.m */,
				189A10C6143EF6C20076115C /* Photos.h */,
				189A10C7143EF6C20076115C /* Photos.m */,
				189A10C8143EF6C20076115C /* UIImage+KTCategory.h */,
				189A10C9143EF6C20076115C /* UIImage+KTCategory.m */,
			);
			name = LocalKTPhoto;
			sourceTree = "<group>";
		};
		189A10D6143F03750076115C /* Category */ = {
			isa = PBXGroup;
			children = (
				189A10BF143EF3290076115C /* ImageUtility.h */,
				189A1086143ED9660076115C /* UIImage+RotationMethods.h */,
				189A1087143ED9660076115C /* UIImage+RotationMethods.m */,
				189A1083143ECF7B0076115C /* UIViewController+CameraSetup.h */,
				189A1084143ECF7B0076115C /* UIViewController+CameraSetup.m */,
			);
			name = Category;
			sourceTree = "<group>";
		};
		189A10D7143F03960076115C /* Utility Classes */ = {
			isa = PBXGroup;
			children = (
				189A10D6143F03750076115C /* Category */,
				189701A2143DA3E100F3954D /* SoundEffect.h */,
				189701A3143DA3E100F3954D /* SoundEffect.m */,
				189A107C143ECD0E0076115C /* DDExpandableButton.h */,
				189A107D143ECD0E0076115C /* DDExpandableButton.m */,
			);
			name = "Utility Classes";
			sourceTree = "<group>";
		};
		1B867FCD139D4AD300AD6B47 = {
			isa = PBXGroup;
			children = (
				189A10D7143F03960076115C /* Utility Classes */,
				189A10BC143EF17A0076115C /* KTPhoto */,
				189A10CE143EF6C80076115C /* LocalKTPhoto */,
				2BA4851913F1EC39000BABB3 /* ReadMe.txt */,
				1B867FE2139D4AD300AD6B47 /* App */,
				1B867FDB139D4AD300AD6B47 /* Frameworks */,
				1B867FD9139D4AD300AD6B47 /* Products */,
			);
			sourceTree = "<group>";
		};
		1B867FD9139D4AD300AD6B47 /* Products */ = {
			isa = PBXGroup;
			children = (
				1B867FD8139D4AD300AD6B47 /* AutoCam Lite.app */,
			);
			name = Products;
			sourceTree = "<group>";
		};
		1B867FDB139D4AD300AD6B47 /* Frameworks */ = {
			isa = PBXGroup;
			children = (
				189A10CF143EF74C0076115C /* MessageUI.framework */,
				189701A5143DA4DA00F3954D /* AudioToolbox.framework */,
				1B3C9A33139D4EAA0042676B /* ImageIO.framework */,
				1B3C9A31139D4E740042676B /* QuartzCore.framework */,
				1B3C9A2F139D4E5F0042676B /* CoreMedia.framework */,
				1B3C9A2D139D4E350042676B /* AssetsLibrary.framework */,
				1B3C9A2B139D4E1C0042676B /* CoreImage.framework */,
				1B3C9A29139D4E150042676B /* AVFoundation.framework */,
				1B3C9A26139D4E0F0042676B /* CoreVideo.framework */,
				1B867FDC139D4AD300AD6B47 /* UIKit.framework */,
				1B867FDE139D4AD300AD6B47 /* Foundation.framework */,
				1B867FE0139D4AD300AD6B47 /* CoreGraphics.framework */,
			);
			name = Frameworks;
			sourceTree = "<group>";
		};
		1B867FE2139D4AD300AD6B47 /* App */ = {
			isa = PBXGroup;
			children = (
				2BA4850313F1E6AA000BABB3 /* SquareCamAppDelegate.h */,
				2BA4850413F1E6AA000BABB3 /* SquareCamAppDelegate.m */,
				2BA4850513F1E6AA000BABB3 /* SquareCamViewController.h */,
				2BA4850613F1E6AA000BABB3 /* SqareCamViewController.m */,
				2BA4850C13F1E6CC000BABB3 /* MainStoryboard_iPad.storyboard */,
				2BA4850E13F1E6CC000BABB3 /* MainStoryboard_iPhone.storyboard */,
				1B867FE3139D4AD300AD6B47 /* Supporting Files */,
			);
			name = App;
			path = StacheCam;
			sourceTree = "<group>";
		};
		1B867FE3139D4AD300AD6B47 /* Supporting Files */ = {
			isa = PBXGroup;
			children = (
				A86A60561443086D0014AF30 /* start@2x.png */,
				A86A60571443086D0014AF30 /* pause.png */,
				A86A60581443086D0014AF30 /* pause@2x.png */,
				A86A60591443086D0014AF30 /* start.png */,
				A8DE74FB1442C7D500FBEE12 /* camera.png */,
				189A10D8143F04D10076115C /* Icon.png */,
				189A10D9143F04D10076115C /* Icon@2x.png */,
				189A107F143ECD250076115C /* Flash.png */,
				189A1080143ECD250076115C /* Flash@2x.png */,
				2BA4851213F1E6DB000BABB3 /* Info.plist */,
				2BA4851313F1E6DB000BABB3 /* main.m */,
				2BA4851413F1E6DB000BABB3 /* Prefix.pch */,
				2BA4851513F1E6DB000BABB3 /* squarePNG.png */,
			);
			name = "Supporting Files";
			sourceTree = "<group>";
		};
/* End PBXGroup section */

/* Begin PBXNativeTarget section */
		1B867FD7139D4AD300AD6B47 /* AutoCamLite */ = {
			isa = PBXNativeTarget;
			buildConfigurationList = 1B867FFA139D4AD300AD6B47 /* Build configuration list for PBXNativeTarget "AutoCamLite" */;
			buildPhases = (
				1B867FD4139D4AD300AD6B47 /* Sources */,
				1B867FD5139D4AD300AD6B47 /* Frameworks */,
				1B867FD6139D4AD300AD6B47 /* Resources */,
			);
			buildRules = (
			);
			dependencies = (
			);
			name = AutoCamLite;
			productName = StacheCam;
			productReference = 1B867FD8139D4AD300AD6B47 /* AutoCam Lite.app */;
			productType = "com.apple.product-type.application";
		};
/* End PBXNativeTarget section */

/* Begin PBXProject section */
		1B867FCF139D4AD300AD6B47 /* Project object */ = {
			isa = PBXProject;
			attributes = {
				LastUpgradeCheck = 0420;
			};
			buildConfigurationList = 1B867FD2139D4AD300AD6B47 /* Build configuration list for PBXProject "AutoCam" */;
			compatibilityVersion = "Xcode 3.2";
			developmentRegion = English;
			hasScannedForEncodings = 0;
			knownRegions = (
				en,
			);
			mainGroup = 1B867FCD139D4AD300AD6B47;
			productRefGroup = 1B867FD9139D4AD300AD6B47 /* Products */;
			projectDirPath = "";
			projectRoot = "";
			targets = (
				1B867FD7139D4AD300AD6B47 /* AutoCamLite */,
			);
		};
/* End PBXProject section */

/* Begin PBXResourcesBuildPhase section */
		1B867FD6139D4AD300AD6B47 /* Resources */ = {
			isa = PBXResourcesBuildPhase;
			buildActionMask = 2147483647;
			files = (
				1B867FF0139D4AD300AD6B47 /* MainStoryboard_iPhone.storyboard in Resources */,
				1B867FF3139D4AD300AD6B47 /* MainStoryboard_iPad.storyboard in Resources */,
				2BA4851013F1E6CC000BABB3 /* MainStoryboard_iPad.storyboard in Resources */,
				2BA4851113F1E6CC000BABB3 /* MainStoryboard_iPhone.storyboard in Resources */,
				2BA4851813F1E6DB000BABB3 /* squarePNG.png in Resources */,
				2BA4851A13F1EC39000BABB3 /* ReadMe.txt in Resources */,
				189A1081143ECD250076115C /* Flash.png in Resources */,
				189A1082143ECD250076115C /* Flash@2x.png in Resources */,
				189A10BE143EF1910076115C /* KTPhotoBrowser.bundle in Resources */,
				189A10DA143F04D10076115C /* Icon.png in Resources */,
				189A10DB143F04D10076115C /* Icon@2x.png in Resources */,
				A8DE74FC1442C7D500FBEE12 /* camera.png in Resources */,
				A86A605A1443086D0014AF30 /* start@2x.png in Resources */,
				A86A605B1443086D0014AF30 /* pause.png in Resources */,
				A86A605C1443086D0014AF30 /* pause@2x.png in Resources */,
				A86A605D1443086D0014AF30 /* start.png in Resources */,
			);
			runOnlyForDeploymentPostprocessing = 0;
		};
/* End PBXResourcesBuildPhase section */

/* Begin PBXSourcesBuildPhase section */
		1B867FD4139D4AD300AD6B47 /* Sources */ = {
			isa = PBXSourcesBuildPhase;
			buildActionMask = 2147483647;
			files = (
				2BA4850713F1E6AA000BABB3 /* SquareCamAppDelegate.m in Sources */,
				2BA4850813F1E6AA000BABB3 /* SqareCamViewController.m in Sources */,
				2BA4851713F1E6DB000BABB3 /* main.m in Sources */,
				189701A4143DA3E100F3954D /* SoundEffect.m in Sources */,
				189A107E143ECD0E0076115C /* DDExpandableButton.m in Sources */,
				189A1085143ECF7B0076115C /* UIViewController+CameraSetup.m in Sources */,
				189A1088143ED9660076115C /* UIImage+RotationMethods.m in Sources */,
				189A10B6143EF1710076115C /* KTPhotoBrowserGlobal.m in Sources */,
				189A10B7143EF1710076115C /* KTPhotoScrollViewController.m in Sources */,
				189A10B8143EF1710076115C /* KTPhotoView.m in Sources */,
				189A10B9143EF1710076115C /* KTThumbsViewController.m in Sources */,
				189A10BA143EF1710076115C /* KTThumbsView.m in Sources */,
				189A10BB143EF1710076115C /* KTThumbView.m in Sources */,
				189A10CA143EF6C20076115C /* LocalImageRootViewController.m in Sources */,
				189A10CB143EF6C20076115C /* PhotoPickerController.m in Sources */,
				189A10CC143EF6C20076115C /* Photos.m in Sources */,
				189A10CD143EF6C20076115C /* UIImage+KTCategory.m in Sources */,
			);
			runOnlyForDeploymentPostprocessing = 0;
		};
/* End PBXSourcesBuildPhase section */

/* Begin PBXVariantGroup section */
		1B867FEE139D4AD300AD6B47 /* MainStoryboard_iPhone.storyboard */ = {
			isa = PBXVariantGroup;
			children = (
			);
			name = MainStoryboard_iPhone.storyboard;
			path = "/Users/edward/Downloads/AVFoundation Samples/419-Capturing from the Camera using AV Foundation on iOS 5/SquareCam/StacheCam";
			sourceTree = "<absolute>";
		};
		1B867FF1139D4AD300AD6B47 /* MainStoryboard_iPad.storyboard */ = {
			isa = PBXVariantGroup;
			children = (
			);
			name = MainStoryboard_iPad.storyboard;
			path = "/Users/edward/Downloads/AVFoundation Samples/419-Capturing from the Camera using AV Foundation on iOS 5/SquareCam/StacheCam";
			sourceTree = "<absolute>";
		};
		2BA4850C13F1E6CC000BABB3 /* MainStoryboard_iPad.storyboard */ = {
			isa = PBXVariantGroup;
			children = (
				2BA4850D13F1E6CC000BABB3 /* en */,
			);
			name = MainStoryboard_iPad.storyboard;
			sourceTree = "<group>";
		};
		2BA4850E13F1E6CC000BABB3 /* MainStoryboard_iPhone.storyboard */ = {
			isa = PBXVariantGroup;
			children = (
				2BA4850F13F1E6CC000BABB3 /* en */,
			);
			name = MainStoryboard_iPhone.storyboard;
			sourceTree = "<group>";
		};
/* End PBXVariantGroup section */

/* Begin XCBuildConfiguration section */
		1B867FF8139D4AD300AD6B47 /* Debug */ = {
			isa = XCBuildConfiguration;
			buildSettings = {
				ALWAYS_SEARCH_USER_PATHS = NO;
				ARCHS = "$(ARCHS_STANDARD_32_BIT)";
				CLANG_ENABLE_OBJC_ARC = YES;
				CODE_SIGN_IDENTITY = "iPhone Developer";
				"CODE_SIGN_IDENTITY[sdk=iphoneos*]" = "iPhone Developer";
				COPY_PHASE_STRIP = NO;
				GCC_C_LANGUAGE_STANDARD = gnu99;
				GCC_DYNAMIC_NO_PIC = NO;
				GCC_OPTIMIZATION_LEVEL = 0;
				GCC_PREPROCESSOR_DEFINITIONS = (
					"DEBUG=1",
					"$(inherited)",
				);
				GCC_SYMBOLS_PRIVATE_EXTERN = NO;
				GCC_VERSION = com.apple.compilers.llvm.clang.1_0;
				GCC_WARN_ABOUT_MISSING_PROTOTYPES = YES;
				GCC_WARN_ABOUT_RETURN_TYPE = YES;
				GCC_WARN_UNUSED_VARIABLE = YES;
				INFOPLIST_FILE = Info.plist;
				IPHONEOS_DEPLOYMENT_TARGET = 5.0;
				PROVISIONING_PROFILE = "";
				SDKROOT = iphoneos;
				TARGETED_DEVICE_FAMILY = "1,2";
			};
			name = Debug;
		};
		1B867FF9139D4AD300AD6B47 /* Release */ = {
			isa = XCBuildConfiguration;
			buildSettings = {
				ALWAYS_SEARCH_USER_PATHS = NO;
				ARCHS = "$(ARCHS_STANDARD_32_BIT)";
				CLANG_ENABLE_OBJC_ARC = YES;
				CODE_SIGN_IDENTITY = "iPhone Developer";
				"CODE_SIGN_IDENTITY[sdk=iphoneos*]" = "iPhone Developer";
				COPY_PHASE_STRIP = YES;
				GCC_C_LANGUAGE_STANDARD = gnu99;
				GCC_VERSION = com.apple.compilers.llvm.clang.1_0;
				GCC_WARN_ABOUT_MISSING_PROTOTYPES = YES;
				GCC_WARN_ABOUT_RETURN_TYPE = YES;
				GCC_WARN_UNUSED_VARIABLE = YES;
				INFOPLIST_FILE = Info.plist;
				IPHONEOS_DEPLOYMENT_TARGET = 5.0;
				OTHER_CFLAGS = "-DNS_BLOCK_ASSERTIONS=1";
				PROVISIONING_PROFILE = "";
				SDKROOT = iphoneos;
				TARGETED_DEVICE_FAMILY = "1,2";
				VALIDATE_PRODUCT = YES;
			};
			name = Release;
		};
		1B867FFB139D4AD300AD6B47 /* Debug */ = {
			isa = XCBuildConfiguration;
			buildSettings = {
				CLANG_ENABLE_OBJC_ARC = NO;
				CODE_SIGN_IDENTITY = "iPhone Developer";
				GCC_PRECOMPILE_PREFIX_HEADER = YES;
				GCC_PREFIX_HEADER = SquareCam/Prefix.pch;
				INFOPLIST_FILE = SquareCam/Info.plist;
				IPHONEOS_DEPLOYMENT_TARGET = 5.0;
				PRODUCT_NAME = "AutoCam Lite";
				PROVISIONING_PROFILE = "";
				SDKROOT = iphoneos5.0;
				TARGETED_DEVICE_FAMILY = "1,2";
				WRAPPER_EXTENSION = app;
			};
			name = Debug;
		};
		1B867FFC139D4AD300AD6B47 /* Release */ = {
			isa = XCBuildConfiguration;
			buildSettings = {
				CLANG_ENABLE_OBJC_ARC = NO;
				CODE_SIGN_IDENTITY = "iPhone Developer";
				GCC_PRECOMPILE_PREFIX_HEADER = YES;
				GCC_PREFIX_HEADER = SquareCam/Prefix.pch;
				INFOPLIST_FILE = SquareCam/Info.plist;
				IPHONEOS_DEPLOYMENT_TARGET = 5.0;
				PRODUCT_NAME = "AutoCam Lite";
				PROVISIONING_PROFILE = "";
				SDKROOT = iphoneos5.0;
				TARGETED_DEVICE_FAMILY = "1,2";
				WRAPPER_EXTENSION = app;
			};
			name = Release;
		};
/* End XCBuildConfiguration section */

/* Begin XCConfigurationList section */
		1B867FD2139D4AD300AD6B47 /* Build configuration list for PBXProject "AutoCam" */ = {
			isa = XCConfigurationList;
			buildConfigurations = (
				1B867FF8139D4AD300AD6B47 /* Debug */,
				1B867FF9139D4AD300AD6B47 /* Release */,
			);
			defaultConfigurationIsVisible = 0;
			defaultConfigurationName = Release;
		};
		1B867FFA139D4AD300AD6B47 /* Build configuration list for PBXNativeTarget "AutoCamLite" */ = {
			isa = XCConfigurationList;
			buildConfigurations = (
				1B867FFB139D4AD300AD6B47 /* Debug */,
				1B867FFC139D4AD300AD6B47 /* Release */,
			);
			defaultConfigurationIsVisible = 0;
			defaultConfigurationName = Release;
		};
/* End XCConfigurationList section */
	};
	rootObject = 1B867FCF139D4AD300AD6B47 /* Project object */;
}
